// !$*UTF8*$!
{
	archiveVersion = 1;
	classes = {
	};
	objectVersion = 46;
	objects = {

/* Begin PBXBuildFile section */
		E8F8BAD71EF9DF5A00FE0572 /* AppDelegate.swift in Sources */ = {isa = PBXBuildFile; fileRef = E8F8BAD61EF9DF5A00FE0572 /* AppDelegate.swift */; };
		E8F8BADC1EF9DF5A00FE0572 /* Main.storyboard in Resources */ = {isa = PBXBuildFile; fileRef = E8F8BADA1EF9DF5A00FE0572 /* Main.storyboard */; };
		E8F8BADE1EF9DF5A00FE0572 /* Assets.xcassets in Resources */ = {isa = PBXBuildFile; fileRef = E8F8BADD1EF9DF5A00FE0572 /* Assets.xcassets */; };
		E8F8BAE11EF9DF5A00FE0572 /* LaunchScreen.storyboard in Resources */ = {isa = PBXBuildFile; fileRef = E8F8BADF1EF9DF5A00FE0572 /* LaunchScreen.storyboard */; };
		E8F8BAEF1EF9E4D900FE0572 /* backup.txt in Resources */ = {isa = PBXBuildFile; fileRef = E8F8BAE91EF9E4D900FE0572 /* backup.txt */; };
		E8F8BAF01EF9E4D900FE0572 /* license.pdf in Resources */ = {isa = PBXBuildFile; fileRef = E8F8BAEB1EF9E4D900FE0572 /* license.pdf */; };
		E8F8BAF11EF9E4D900FE0572 /* 001-menu.png in Resources */ = {isa = PBXBuildFile; fileRef = E8F8BAED1EF9E4D900FE0572 /* 001-menu.png */; };
		E8F8BAF21EF9E4D900FE0572 /* 002-clipboard.png in Resources */ = {isa = PBXBuildFile; fileRef = E8F8BAEE1EF9E4D900FE0572 /* 002-clipboard.png */; };
		E8F8BAF41EF9E57E00FE0572 /* ListViewController.swift in Sources */ = {isa = PBXBuildFile; fileRef = E8F8BAF31EF9E57E00FE0572 /* ListViewController.swift */; };
		E8F8BAF61EFA8E2F00FE0572 /* ToDoItem.swift in Sources */ = {isa = PBXBuildFile; fileRef = E8F8BAF51EFA8E2F00FE0572 /* ToDoItem.swift */; };
		E8F8BAF81EFA9C9900FE0572 /* SampleData.swift in Sources */ = {isa = PBXBuildFile; fileRef = E8F8BAF71EFA9C9900FE0572 /* SampleData.swift */; };
		E8F8BAFA1EFABA5C00FE0572 /* PomItButton.swift in Sources */ = {isa = PBXBuildFile; fileRef = E8F8BAF91EFABA5C00FE0572 /* PomItButton.swift */; };
		E8F8BB011EFABB7000FE0572 /* smilingTomato_50.png in Resources */ = {isa = PBXBuildFile; fileRef = E8F8BAFC1EFABB7000FE0572 /* smilingTomato_50.png */; };
		E8F8BB021EFABB7000FE0572 /* tomatoX1.png in Resources */ = {isa = PBXBuildFile; fileRef = E8F8BAFD1EFABB7000FE0572 /* tomatoX1.png */; };
		E8F8BB031EFABB7000FE0572 /* tomatoFull.png in Resources */ = {isa = PBXBuildFile; fileRef = E8F8BAFE1EFABB7000FE0572 /* tomatoFull.png */; };
		E8F8BB041EFABB7000FE0572 /* tomatoX2.png in Resources */ = {isa = PBXBuildFile; fileRef = E8F8BAFF1EFABB7000FE0572 /* tomatoX2.png */; };
		E8F8BB051EFABB7000FE0572 /* tomatoX3.png in Resources */ = {isa = PBXBuildFile; fileRef = E8F8BB001EFABB7000FE0572 /* tomatoX3.png */; };
		E8F8BB071EFADBF900FE0572 /* ToDoViewCell.swift in Sources */ = {isa = PBXBuildFile; fileRef = E8F8BB061EFADBF900FE0572 /* ToDoViewCell.swift */; };
		E8F8BB091EFAF21D00FE0572 /* NewToDo.swift in Sources */ = {isa = PBXBuildFile; fileRef = E8F8BB081EFAF21D00FE0572 /* NewToDo.swift */; };
/* End PBXBuildFile section */

/* Begin PBXFileReference section */
		E8F8BAD31EF9DF5A00FE0572 /* AHRyanFinalTask.app */ = {isa = PBXFileReference; explicitFileType = wrapper.application; includeInIndex = 0; path = AHRyanFinalTask.app; sourceTree = BUILT_PRODUCTS_DIR; };
		E8F8BAD61EF9DF5A00FE0572 /* AppDelegate.swift */ = {isa = PBXFileReference; lastKnownFileType = sourcecode.swift; path = AppDelegate.swift; sourceTree = "<group>"; };
		E8F8BADB1EF9DF5A00FE0572 /* Base */ = {isa = PBXFileReference; lastKnownFileType = file.storyboard; name = Base; path = Base.lproj/Main.storyboard; sourceTree = "<group>"; };
		E8F8BADD1EF9DF5A00FE0572 /* Assets.xcassets */ = {isa = PBXFileReference; lastKnownFileType = folder.assetcatalog; path = Assets.xcassets; sourceTree = "<group>"; };
		E8F8BAE01EF9DF5A00FE0572 /* Base */ = {isa = PBXFileReference; lastKnownFileType = file.storyboard; name = Base; path = Base.lproj/LaunchScreen.storyboard; sourceTree = "<group>"; };
		E8F8BAE21EF9DF5A00FE0572 /* Info.plist */ = {isa = PBXFileReference; lastKnownFileType = text.plist.xml; path = Info.plist; sourceTree = "<group>"; };
		E8F8BAE91EF9E4D900FE0572 /* backup.txt */ = {isa = PBXFileReference; fileEncoding = 4; lastKnownFileType = text; path = backup.txt; sourceTree = "<group>"; };
		E8F8BAEB1EF9E4D900FE0572 /* license.pdf */ = {isa = PBXFileReference; lastKnownFileType = image.pdf; path = license.pdf; sourceTree = "<group>"; };
		E8F8BAED1EF9E4D900FE0572 /* 001-menu.png */ = {isa = PBXFileReference; lastKnownFileType = image.png; path = "001-menu.png"; sourceTree = "<group>"; };
		E8F8BAEE1EF9E4D900FE0572 /* 002-clipboard.png */ = {isa = PBXFileReference; lastKnownFileType = image.png; path = "002-clipboard.png"; sourceTree = "<group>"; };
		E8F8BAF31EF9E57E00FE0572 /* ListViewController.swift */ = {isa = PBXFileReference; fileEncoding = 4; lastKnownFileType = sourcecode.swift; path = ListViewController.swift; sourceTree = "<group>"; };
		E8F8BAF51EFA8E2F00FE0572 /* ToDoItem.swift */ = {isa = PBXFileReference; fileEncoding = 4; lastKnownFileType = sourcecode.swift; path = ToDoItem.swift; sourceTree = "<group>"; };
		E8F8BAF71EFA9C9900FE0572 /* SampleData.swift */ = {isa = PBXFileReference; fileEncoding = 4; lastKnownFileType = sourcecode.swift; path = SampleData.swift; sourceTree = "<group>"; };
		E8F8BAF91EFABA5C00FE0572 /* PomItButton.swift */ = {isa = PBXFileReference; fileEncoding = 4; lastKnownFileType = sourcecode.swift; path = PomItButton.swift; sourceTree = "<group>"; };
		E8F8BAFC1EFABB7000FE0572 /* smilingTomato_50.png */ = {isa = PBXFileReference; lastKnownFileType = image.png; path = smilingTomato_50.png; sourceTree = "<group>"; };
		E8F8BAFD1EFABB7000FE0572 /* tomatoX1.png */ = {isa = PBXFileReference; lastKnownFileType = image.png; path = tomatoX1.png; sourceTree = "<group>"; };
		E8F8BAFE1EFABB7000FE0572 /* tomatoFull.png */ = {isa = PBXFileReference; lastKnownFileType = image.png; path = tomatoFull.png; sourceTree = "<group>"; };
		E8F8BAFF1EFABB7000FE0572 /* tomatoX2.png */ = {isa = PBXFileReference; lastKnownFileType = image.png; path = tomatoX2.png; sourceTree = "<group>"; };
		E8F8BB001EFABB7000FE0572 /* tomatoX3.png */ = {isa = PBXFileReference; lastKnownFileType = image.png; path = tomatoX3.png; sourceTree = "<group>"; };
		E8F8BB061EFADBF900FE0572 /* ToDoViewCell.swift */ = {isa = PBXFileReference; fileEncoding = 4; lastKnownFileType = sourcecode.swift; path = ToDoViewCell.swift; sourceTree = "<group>"; };
		E8F8BB081EFAF21D00FE0572 /* NewToDo.swift */ = {isa = PBXFileReference; fileEncoding = 4; lastKnownFileType = sourcecode.swift; path = NewToDo.swift; sourceTree = "<group>"; };
/* End PBXFileReference section */

/* Begin PBXFrameworksBuildPhase section */
		E8F8BAD01EF9DF5A00FE0572 /* Frameworks */ = {
			isa = PBXFrameworksBuildPhase;
			buildActionMask = 2147483647;
			files = (
			);
			runOnlyForDeploymentPostprocessing = 0;
		};
/* End PBXFrameworksBuildPhase section */

/* Begin PBXGroup section */
		E8F8BACA1EF9DF5A00FE0572 = {
			isa = PBXGroup;
			children = (
				E8F8BAD51EF9DF5A00FE0572 /* AHRyanFinalTask */,
				E8F8BAD41EF9DF5A00FE0572 /* Products */,
			);
			sourceTree = "<group>";
		};
		E8F8BAD41EF9DF5A00FE0572 /* Products */ = {
			isa = PBXGroup;
			children = (
				E8F8BAD31EF9DF5A00FE0572 /* AHRyanFinalTask.app */,
			);
			name = Products;
			sourceTree = "<group>";
		};
		E8F8BAD51EF9DF5A00FE0572 /* AHRyanFinalTask */ = {
			isa = PBXGroup;
			children = (
				E8F8BAD61EF9DF5A00FE0572 /* AppDelegate.swift */,
				E8F8BAF31EF9E57E00FE0572 /* ListViewController.swift */,
				E8F8BB081EFAF21D00FE0572 /* NewToDo.swift */,
				E8F8BAF71EFA9C9900FE0572 /* SampleData.swift */,
				E8F8BAF91EFABA5C00FE0572 /* PomItButton.swift */,
				E8F8BAF51EFA8E2F00FE0572 /* ToDoItem.swift */,
				E8F8BB061EFADBF900FE0572 /* ToDoViewCell.swift */,
				E8F8BADA1EF9DF5A00FE0572 /* Main.storyboard */,
				E8F8BADD1EF9DF5A00FE0572 /* Assets.xcassets */,
				E8F8BADF1EF9DF5A00FE0572 /* LaunchScreen.storyboard */,
				E8F8BAE21EF9DF5A00FE0572 /* Info.plist */,
				E8F8BAFB1EFABB7000FE0572 /* finalImages */,
				E8F8BAE81EF9E4D900FE0572 /* my-icons-collection */,
			);
			path = AHRyanFinalTask;
			sourceTree = "<group>";
		};
		E8F8BAE81EF9E4D900FE0572 /* my-icons-collection */ = {
			isa = PBXGroup;
			children = (
				E8F8BAE91EF9E4D900FE0572 /* backup.txt */,
				E8F8BAEA1EF9E4D900FE0572 /* license */,
				E8F8BAEC1EF9E4D900FE0572 /* png */,
			);
			path = "my-icons-collection";
			sourceTree = "<group>";
		};
		E8F8BAEA1EF9E4D900FE0572 /* license */ = {
			isa = PBXGroup;
			children = (
				E8F8BAEB1EF9E4D900FE0572 /* license.pdf */,
			);
			path = license;
			sourceTree = "<group>";
		};
		E8F8BAEC1EF9E4D900FE0572 /* png */ = {
			isa = PBXGroup;
			children = (
				E8F8BAED1EF9E4D900FE0572 /* 001-menu.png */,
				E8F8BAEE1EF9E4D900FE0572 /* 002-clipboard.png */,
			);
			path = png;
			sourceTree = "<group>";
		};
		E8F8BAFB1EFABB7000FE0572 /* finalImages */ = {
			isa = PBXGroup;
			children = (
				E8F8BAFC1EFABB7000FE0572 /* smilingTomato_50.png */,
				E8F8BAFE1EFABB7000FE0572 /* tomatoFull.png */,
				E8F8BAFD1EFABB7000FE0572 /* tomatoX1.png */,
				E8F8BAFF1EFABB7000FE0572 /* tomatoX2.png */,
				E8F8BB001EFABB7000FE0572 /* tomatoX3.png */,
			);
			path = finalImages;
			sourceTree = "<group>";
		};
/* End PBXGroup section */

/* Begin PBXNativeTarget section */
		E8F8BAD21EF9DF5A00FE0572 /* AHRyanFinalTask */ = {
			isa = PBXNativeTarget;
			buildConfigurationList = E8F8BAE51EF9DF5A00FE0572 /* Build configuration list for PBXNativeTarget "AHRyanFinalTask" */;
			buildPhases = (
				E8F8BACF1EF9DF5A00FE0572 /* Sources */,
				E8F8BAD01EF9DF5A00FE0572 /* Frameworks */,
				E8F8BAD11EF9DF5A00FE0572 /* Resources */,
			);
			buildRules = (
			);
			dependencies = (
			);
			name = AHRyanFinalTask;
			productName = AHRyanFinalTask;
			productReference = E8F8BAD31EF9DF5A00FE0572 /* AHRyanFinalTask.app */;
			productType = "com.apple.product-type.application";
		};
/* End PBXNativeTarget section */

/* Begin PBXProject section */
		E8F8BACB1EF9DF5A00FE0572 /* Project object */ = {
			isa = PBXProject;
			attributes = {
				LastSwiftUpdateCheck = 0830;
				LastUpgradeCheck = 0830;
				ORGANIZATIONNAME = AndrewRyan;
				TargetAttributes = {
					E8F8BAD21EF9DF5A00FE0572 = {
						CreatedOnToolsVersion = 8.3;
						ProvisioningStyle = Automatic;
					};
				};
			};
			buildConfigurationList = E8F8BACE1EF9DF5A00FE0572 /* Build configuration list for PBXProject "AHRyanFinalTask" */;
			compatibilityVersion = "Xcode 3.2";
			developmentRegion = English;
			hasScannedForEncodings = 0;
			knownRegions = (
				en,
				Base,
			);
			mainGroup = E8F8BACA1EF9DF5A00FE0572;
			productRefGroup = E8F8BAD41EF9DF5A00FE0572 /* Products */;
			projectDirPath = "";
			projectRoot = "";
			targets = (
				E8F8BAD21EF9DF5A00FE0572 /* AHRyanFinalTask */,
			);
		};
/* End PBXProject section */

/* Begin PBXResourcesBuildPhase section */
		E8F8BAD11EF9DF5A00FE0572 /* Resources */ = {
			isa = PBXResourcesBuildPhase;
			buildActionMask = 2147483647;
			files = (
				E8F8BAE11EF9DF5A00FE0572 /* LaunchScreen.storyboard in Resources */,
				E8F8BAF01EF9E4D900FE0572 /* license.pdf in Resources */,
				E8F8BB051EFABB7000FE0572 /* tomatoX3.png in Resources */,
				E8F8BB031EFABB7000FE0572 /* tomatoFull.png in Resources */,
				E8F8BB011EFABB7000FE0572 /* smilingTomato_50.png in Resources */,
				E8F8BADE1EF9DF5A00FE0572 /* Assets.xcassets in Resources */,
				E8F8BAEF1EF9E4D900FE0572 /* backup.txt in Resources */,
				E8F8BB021EFABB7000FE0572 /* tomatoX1.png in Resources */,
				E8F8BAF11EF9E4D900FE0572 /* 001-menu.png in Resources */,
				E8F8BAF21EF9E4D900FE0572 /* 002-clipboard.png in Resources */,
				E8F8BB041EFABB7000FE0572 /* tomatoX2.png in Resources */,
				E8F8BADC1EF9DF5A00FE0572 /* Main.storyboard in Resources */,
			);
			runOnlyForDeploymentPostprocessing = 0;
		};
/* End PBXResourcesBuildPhase section */

/* Begin PBXSourcesBuildPhase section */
		E8F8BACF1EF9DF5A00FE0572 /* Sources */ = {
			isa = PBXSourcesBuildPhase;
			buildActionMask = 2147483647;
			files = (
				E8F8BB091EFAF21D00FE0572 /* NewToDo.swift in Sources */,
				E8F8BAF41EF9E57E00FE0572 /* ListViewController.swift in Sources */,
				E8F8BAD71EF9DF5A00FE0572 /* AppDelegate.swift in Sources */,
				E8F8BB071EFADBF900FE0572 /* ToDoViewCell.swift in Sources */,
				E8F8BAF61EFA8E2F00FE0572 /* ToDoItem.swift in Sources */,
				E8F8BAFA1EFABA5C00FE0572 /* PomItButton.swift in Sources */,
				E8F8BAF81EFA9C9900FE0572 /* SampleData.swift in Sources */,
			);
			runOnlyForDeploymentPostprocessing = 0;
		};
/* End PBXSourcesBuildPhase section */

/* Begin PBXVariantGroup section */
		E8F8BADA1EF9DF5A00FE0572 /* Main.storyboard */ = {
			isa = PBXVariantGroup;
			children = (
				E8F8BADB1EF9DF5A00FE0572 /* Base */,
			);
			name = Main.storyboard;
			sourceTree = "<group>";
		};
		E8F8BADF1EF9DF5A00FE0572 /* LaunchScreen.storyboard */ = {
			isa = PBXVariantGroup;
			children = (
				E8F8BAE01EF9DF5A00FE0572 /* Base */,
			);
			name = LaunchScreen.storyboard;
			sourceTree = "<group>";
		};
/* End PBXVariantGroup section */

/* Begin XCBuildConfiguration section */
		E8F8BAE31EF9DF5A00FE0572 /* Debug */ = {
			isa = XCBuildConfiguration;
			buildSettings = {
				ALWAYS_SEARCH_USER_PATHS = NO;
				CLANG_ANALYZER_NONNULL = YES;
				CLANG_ANALYZER_NUMBER_OBJECT_CONVERSION = YES_AGGRESSIVE;
				CLANG_CXX_LANGUAGE_STANDARD = "gnu++0x";
				CLANG_CXX_LIBRARY = "libc++";
				CLANG_ENABLE_MODULES = YES;
				CLANG_ENABLE_OBJC_ARC = YES;
				CLANG_WARN_BOOL_CONVERSION = YES;
				CLANG_WARN_CONSTANT_CONVERSION = YES;
				CLANG_WARN_DIRECT_OBJC_ISA_USAGE = YES_ERROR;
				CLANG_WARN_DOCUMENTATION_COMMENTS = YES;
				CLANG_WARN_EMPTY_BODY = YES;
				CLANG_WARN_ENUM_CONVERSION = YES;
				CLANG_WARN_INFINITE_RECURSION = YES;
				CLANG_WARN_INT_CONVERSION = YES;
				CLANG_WARN_OBJC_ROOT_CLASS = YES_ERROR;
				CLANG_WARN_SUSPICIOUS_MOVE = YES;
				CLANG_WARN_UNREACHABLE_CODE = YES;
				CLANG_WARN__DUPLICATE_METHOD_MATCH = YES;
				"CODE_SIGN_IDENTITY[sdk=iphoneos*]" = "iPhone Developer";
				COPY_PHASE_STRIP = NO;
				DEBUG_INFORMATION_FORMAT = dwarf;
				ENABLE_STRICT_OBJC_MSGSEND = YES;
				ENABLE_TESTABILITY = YES;
				GCC_C_LANGUAGE_STANDARD = gnu99;
				GCC_DYNAMIC_NO_PIC = NO;
				GCC_NO_COMMON_BLOCKS = YES;
				GCC_OPTIMIZATION_LEVEL = 0;
				GCC_PREPROCESSOR_DEFINITIONS = (
					"DEBUG=1",
					"$(inherited)",
				);
				GCC_WARN_64_TO_32_BIT_CONVERSION = YES;
				GCC_WARN_ABOUT_RETURN_TYPE = YES_ERROR;
				GCC_WARN_UNDECLARED_SELECTOR = YES;
				GCC_WARN_UNINITIALIZED_AUTOS = YES_AGGRESSIVE;
				GCC_WARN_UNUSED_FUNCTION = YES;
				GCC_WARN_UNUSED_VARIABLE = YES;
				IPHONEOS_DEPLOYMENT_TARGET = 10.3;
				MTL_ENABLE_DEBUG_INFO = YES;
				ONLY_ACTIVE_ARCH = YES;
				SDKROOT = iphoneos;
				SWIFT_ACTIVE_COMPILATION_CONDITIONS = DEBUG;
				SWIFT_OPTIMIZATION_LEVEL = "-Onone";
				TARGETED_DEVICE_FAMILY = "1,2";
			};
			name = Debug;
		};
		E8F8BAE41EF9DF5A00FE0572 /* Release */ = {
			isa = XCBuildConfiguration;
			buildSettings = {
				ALWAYS_SEARCH_USER_PATHS = NO;
				CLANG_ANALYZER_NONNULL = YES;
				CLANG_ANALYZER_NUMBER_OBJECT_CONVERSION = YES_AGGRESSIVE;
				CLANG_CXX_LANGUAGE_STANDARD = "gnu++0x";
				CLANG_CXX_LIBRARY = "libc++";
				CLANG_ENABLE_MODULES = YES;
				CLANG_ENABLE_OBJC_ARC = YES;
				CLANG_WARN_BOOL_CONVERSION = YES;
				CLANG_WARN_CONSTANT_CONVERSION = YES;
				CLANG_WARN_DIRECT_OBJC_ISA_USAGE = YES_ERROR;
				CLANG_WARN_DOCUMENTATION_COMMENTS = YES;
				CLANG_WARN_EMPTY_BODY = YES;
				CLANG_WARN_ENUM_CONVERSION = YES;
				CLANG_WARN_INFINITE_RECURSION = YES;
				CLANG_WARN_INT_CONVERSION = YES;
				CLANG_WARN_OBJC_ROOT_CLASS = YES_ERROR;
				CLANG_WARN_SUSPICIOUS_MOVE = YES;
				CLANG_WARN_UNREACHABLE_CODE = YES;
				CLANG_WARN__DUPLICATE_METHOD_MATCH = YES;
				"CODE_SIGN_IDENTITY[sdk=iphoneos*]" = "iPhone Developer";
				COPY_PHASE_STRIP = NO;
				DEBUG_INFORMATION_FORMAT = "dwarf-with-dsym";
				ENABLE_NS_ASSERTIONS = NO;
				ENABLE_STRICT_OBJC_MSGSEND = YES;
				GCC_C_LANGUAGE_STANDARD = gnu99;
				GCC_NO_COMMON_BLOCKS = YES;
				GCC_WARN_64_TO_32_BIT_CONVERSION = YES;
				GCC_WARN_ABOUT_RETURN_TYPE = YES_ERROR;
				GCC_WARN_UNDECLARED_SELECTOR = YES;
				GCC_WARN_UNINITIALIZED_AUTOS = YES_AGGRESSIVE;
				GCC_WARN_UNUSED_FUNCTION = YES;
				GCC_WARN_UNUSED_VARIABLE = YES;
				IPHONEOS_DEPLOYMENT_TARGET = 10.3;
				MTL_ENABLE_DEBUG_INFO = NO;
				SDKROOT = iphoneos;
				SWIFT_OPTIMIZATION_LEVEL = "-Owholemodule";
				TARGETED_DEVICE_FAMILY = "1,2";
				VALIDATE_PRODUCT = YES;
			};
			name = Release;
		};
		E8F8BAE61EF9DF5A00FE0572 /* Debug */ = {
			isa = XCBuildConfiguration;
			buildSettings = {
				ASSETCATALOG_COMPILER_APPICON_NAME = AppIcon;
				INFOPLIST_FILE = AHRyanFinalTask/Info.plist;
				LD_RUNPATH_SEARCH_PATHS = "$(inherited) @executable_path/Frameworks";
				PRODUCT_BUNDLE_IDENTIFIER = com.AndrewRyan.AHRyanFinalTask;
				PRODUCT_NAME = "$(TARGET_NAME)";
				SWIFT_VERSION = 3.0;
			};
			name = Debug;
		};
		E8F8BAE71EF9DF5A00FE0572 /* Release */ = {
			isa = XCBuildConfiguration;
			buildSettings = {
				ASSETCATALOG_COMPILER_APPICON_NAME = AppIcon;
				INFOPLIST_FILE = AHRyanFinalTask/Info.plist;
				LD_RUNPATH_SEARCH_PATHS = "$(inherited) @executable_path/Frameworks";
				PRODUCT_BUNDLE_IDENTIFIER = com.AndrewRyan.AHRyanFinalTask;
				PRODUCT_NAME = "$(TARGET_NAME)";
				SWIFT_VERSION = 3.0;
			};
			name = Release;
		};
/* End XCBuildConfiguration section */

/* Begin XCConfigurationList section */
		E8F8BACE1EF9DF5A00FE0572 /* Build configuration list for PBXProject "AHRyanFinalTask" */ = {
			isa = XCConfigurationList;
			buildConfigurations = (
				E8F8BAE31EF9DF5A00FE0572 /* Debug */,
				E8F8BAE41EF9DF5A00FE0572 /* Release */,
			);
			defaultConfigurationIsVisible = 0;
			defaultConfigurationName = Release;
		};
		E8F8BAE51EF9DF5A00FE0572 /* Build configuration list for PBXNativeTarget "AHRyanFinalTask" */ = {
			isa = XCConfigurationList;
			buildConfigurations = (
				E8F8BAE61EF9DF5A00FE0572 /* Debug */,
				E8F8BAE71EF9DF5A00FE0572 /* Release */,
			);
			defaultConfigurationIsVisible = 0;
		};
/* End XCConfigurationList section */
	};
	rootObject = E8F8BACB1EF9DF5A00FE0572 /* Project object */;
}
